// !$*UTF8*$!
{
	archiveVersion = 1;
	classes = {
	};
	objectVersion = 50;
	objects = {

/* Begin PBXBuildFile section */
		36FAD2E523BAFF81007B4144 /* AppDelegate.m in Sources */ = {isa = PBXBuildFile; fileRef = 36FAD2E423BAFF81007B4144 /* AppDelegate.m */; };
		36FAD2E823BAFF81007B4144 /* SceneDelegate.m in Sources */ = {isa = PBXBuildFile; fileRef = 36FAD2E723BAFF81007B4144 /* SceneDelegate.m */; };
		36FAD2EB23BAFF81007B4144 /* ViewController.mm in Sources */ = {isa = PBXBuildFile; fileRef = 36FAD2EA23BAFF81007B4144 /* ViewController.mm */; };
		36FAD2EE23BAFF81007B4144 /* Main.storyboard in Resources */ = {isa = PBXBuildFile; fileRef = 36FAD2EC23BAFF81007B4144 /* Main.storyboard */; };
		36FAD2F023BAFF83007B4144 /* Assets.xcassets in Resources */ = {isa = PBXBuildFile; fileRef = 36FAD2EF23BAFF83007B4144 /* Assets.xcassets */; };
		36FAD2F323BAFF83007B4144 /* LaunchScreen.storyboard in Resources */ = {isa = PBXBuildFile; fileRef = 36FAD2F123BAFF83007B4144 /* LaunchScreen.storyboard */; };
		36FAD2F623BAFF83007B4144 /* main.m in Sources */ = {isa = PBXBuildFile; fileRef = 36FAD2F523BAFF83007B4144 /* main.m */; };
		36FAD30023BAFF83007B4144 /* video2strTests.m in Sources */ = {isa = PBXBuildFile; fileRef = 36FAD2FF23BAFF83007B4144 /* video2strTests.m */; };
		36FAD30B23BAFF83007B4144 /* video2strUITests.m in Sources */ = {isa = PBXBuildFile; fileRef = 36FAD30A23BAFF83007B4144 /* video2strUITests.m */; };
		36FAD31A23BB0123007B4144 /* UIKit.framework in Frameworks */ = {isa = PBXBuildFile; fileRef = 36FAD31923BB0123007B4144 /* UIKit.framework */; };
		36FAD31E23BB013A007B4144 /* Foundation.framework in Frameworks */ = {isa = PBXBuildFile; fileRef = 36FAD31D23BB013A007B4144 /* Foundation.framework */; };
		36FAD32023BB0140007B4144 /* AVFoundation.framework in Frameworks */ = {isa = PBXBuildFile; fileRef = 36FAD31F23BB0140007B4144 /* AVFoundation.framework */; };
		36FAD32623BB0A7C007B4144 /* opencv2.framework in Frameworks */ = {isa = PBXBuildFile; fileRef = 36FAD32523BB0A7C007B4144 /* opencv2.framework */; };
/* End PBXBuildFile section */

/* Begin PBXContainerItemProxy section */
		36FAD2FC23BAFF83007B4144 /* PBXContainerItemProxy */ = {
			isa = PBXContainerItemProxy;
			containerPortal = 36FAD2D823BAFF81007B4144 /* Project object */;
			proxyType = 1;
			remoteGlobalIDString = 36FAD2DF23BAFF81007B4144;
			remoteInfo = video2str;
		};
		36FAD30723BAFF83007B4144 /* PBXContainerItemProxy */ = {
			isa = PBXContainerItemProxy;
			containerPortal = 36FAD2D823BAFF81007B4144 /* Project object */;
			proxyType = 1;
			remoteGlobalIDString = 36FAD2DF23BAFF81007B4144;
			remoteInfo = video2str;
		};
/* End PBXContainerItemProxy section */

/* Begin PBXFileReference section */
		36FAD2E023BAFF81007B4144 /* video2str.app */ = {isa = PBXFileReference; explicitFileType = wrapper.application; includeInIndex = 0; path = video2str.app; sourceTree = BUILT_PRODUCTS_DIR; };
		36FAD2E323BAFF81007B4144 /* AppDelegate.h */ = {isa = PBXFileReference; lastKnownFileType = sourcecode.c.h; path = AppDelegate.h; sourceTree = "<group>"; };
		36FAD2E423BAFF81007B4144 /* AppDelegate.m */ = {isa = PBXFileReference; lastKnownFileType = sourcecode.c.objc; path = AppDelegate.m; sourceTree = "<group>"; };
		36FAD2E623BAFF81007B4144 /* SceneDelegate.h */ = {isa = PBXFileReference; lastKnownFileType = sourcecode.c.h; path = SceneDelegate.h; sourceTree = "<group>"; };
		36FAD2E723BAFF81007B4144 /* SceneDelegate.m */ = {isa = PBXFileReference; lastKnownFileType = sourcecode.c.objc; path = SceneDelegate.m; sourceTree = "<group>"; };
		36FAD2E923BAFF81007B4144 /* ViewController.h */ = {isa = PBXFileReference; lastKnownFileType = sourcecode.c.h; path = ViewController.h; sourceTree = "<group>"; };
		36FAD2EA23BAFF81007B4144 /* ViewController.mm */ = {isa = PBXFileReference; lastKnownFileType = sourcecode.cpp.objcpp; path = ViewController.mm; sourceTree = "<group>"; };
		36FAD2ED23BAFF81007B4144 /* Base */ = {isa = PBXFileReference; lastKnownFileType = file.storyboard; name = Base; path = Base.lproj/Main.storyboard; sourceTree = "<group>"; };
		36FAD2EF23BAFF83007B4144 /* Assets.xcassets */ = {isa = PBXFileReference; lastKnownFileType = folder.assetcatalog; path = Assets.xcassets; sourceTree = "<group>"; };
		36FAD2F223BAFF83007B4144 /* Base */ = {isa = PBXFileReference; lastKnownFileType = file.storyboard; name = Base; path = Base.lproj/LaunchScreen.storyboard; sourceTree = "<group>"; };
		36FAD2F423BAFF83007B4144 /* Info.plist */ = {isa = PBXFileReference; lastKnownFileType = text.plist.xml; path = Info.plist; sourceTree = "<group>"; };
		36FAD2F523BAFF83007B4144 /* main.m */ = {isa = PBXFileReference; lastKnownFileType = sourcecode.c.objc; path = main.m; sourceTree = "<group>"; };
		36FAD2FB23BAFF83007B4144 /* video2strTests.xctest */ = {isa = PBXFileReference; explicitFileType = wrapper.cfbundle; includeInIndex = 0; path = video2strTests.xctest; sourceTree = BUILT_PRODUCTS_DIR; };
		36FAD2FF23BAFF83007B4144 /* video2strTests.m */ = {isa = PBXFileReference; lastKnownFileType = sourcecode.c.objc; path = video2strTests.m; sourceTree = "<group>"; };
		36FAD30123BAFF83007B4144 /* Info.plist */ = {isa = PBXFileReference; lastKnownFileType = text.plist.xml; path = Info.plist; sourceTree = "<group>"; };
		36FAD30623BAFF83007B4144 /* video2strUITests.xctest */ = {isa = PBXFileReference; explicitFileType = wrapper.cfbundle; includeInIndex = 0; path = video2strUITests.xctest; sourceTree = BUILT_PRODUCTS_DIR; };
		36FAD30A23BAFF83007B4144 /* video2strUITests.m */ = {isa = PBXFileReference; lastKnownFileType = sourcecode.c.objc; path = video2strUITests.m; sourceTree = "<group>"; };
		36FAD30C23BAFF83007B4144 /* Info.plist */ = {isa = PBXFileReference; lastKnownFileType = text.plist.xml; path = Info.plist; sourceTree = "<group>"; };
		36FAD31923BB0123007B4144 /* UIKit.framework */ = {isa = PBXFileReference; lastKnownFileType = wrapper.framework; name = UIKit.framework; path = System/Library/Frameworks/UIKit.framework; sourceTree = SDKROOT; };
		36FAD31D23BB013A007B4144 /* Foundation.framework */ = {isa = PBXFileReference; lastKnownFileType = wrapper.framework; name = Foundation.framework; path = System/Library/Frameworks/Foundation.framework; sourceTree = SDKROOT; };
		36FAD31F23BB0140007B4144 /* AVFoundation.framework */ = {isa = PBXFileReference; lastKnownFileType = wrapper.framework; name = AVFoundation.framework; path = System/Library/Frameworks/AVFoundation.framework; sourceTree = SDKROOT; };
		36FAD32523BB0A7C007B4144 /* opencv2.framework */ = {isa = PBXFileReference; lastKnownFileType = wrapper.framework; path = opencv2.framework; sourceTree = "<group>"; };
/* End PBXFileReference section */

/* Begin PBXFrameworksBuildPhase section */
		36FAD2DD23BAFF81007B4144 /* Frameworks */ = {
			isa = PBXFrameworksBuildPhase;
			buildActionMask = 2147483647;
			files = (
				36FAD32623BB0A7C007B4144 /* opencv2.framework in Frameworks */,
				36FAD32023BB0140007B4144 /* AVFoundation.framework in Frameworks */,
				36FAD31E23BB013A007B4144 /* Foundation.framework in Frameworks */,
				36FAD31A23BB0123007B4144 /* UIKit.framework in Frameworks */,
			);
			runOnlyForDeploymentPostprocessing = 0;
		};
		36FAD2F823BAFF83007B4144 /* Frameworks */ = {
			isa = PBXFrameworksBuildPhase;
			buildActionMask = 2147483647;
			files = (
			);
			runOnlyForDeploymentPostprocessing = 0;
		};
		36FAD30323BAFF83007B4144 /* Frameworks */ = {
			isa = PBXFrameworksBuildPhase;
			buildActionMask = 2147483647;
			files = (
			);
			runOnlyForDeploymentPostprocessing = 0;
		};
/* End PBXFrameworksBuildPhase section */

/* Begin PBXGroup section */
		36FAD2D723BAFF81007B4144 = {
			isa = PBXGroup;
			children = (
				36FAD2E223BAFF81007B4144 /* video2str */,
				36FAD2FE23BAFF83007B4144 /* video2strTests */,
				36FAD30923BAFF83007B4144 /* video2strUITests */,
				36FAD2E123BAFF81007B4144 /* Products */,
				36FAD31823BB0123007B4144 /* Frameworks */,
			);
			sourceTree = "<group>";
		};
		36FAD2E123BAFF81007B4144 /* Products */ = {
			isa = PBXGroup;
			children = (
				36FAD2E023BAFF81007B4144 /* video2str.app */,
				36FAD2FB23BAFF83007B4144 /* video2strTests.xctest */,
				36FAD30623BAFF83007B4144 /* video2strUITests.xctest */,
			);
			name = Products;
			sourceTree = "<group>";
		};
		36FAD2E223BAFF81007B4144 /* video2str */ = {
			isa = PBXGroup;
			children = (
				36FAD2E323BAFF81007B4144 /* AppDelegate.h */,
				36FAD2E423BAFF81007B4144 /* AppDelegate.m */,
				36FAD2E623BAFF81007B4144 /* SceneDelegate.h */,
				36FAD2E723BAFF81007B4144 /* SceneDelegate.m */,
				36FAD2E923BAFF81007B4144 /* ViewController.h */,
				36FAD2EA23BAFF81007B4144 /* ViewController.mm */,
				36FAD2EC23BAFF81007B4144 /* Main.storyboard */,
				36FAD2EF23BAFF83007B4144 /* Assets.xcassets */,
				36FAD2F123BAFF83007B4144 /* LaunchScreen.storyboard */,
				36FAD2F423BAFF83007B4144 /* Info.plist */,
				36FAD2F523BAFF83007B4144 /* main.m */,
			);
			path = video2str;
			sourceTree = "<group>";
		};
		36FAD2FE23BAFF83007B4144 /* video2strTests */ = {
			isa = PBXGroup;
			children = (
				36FAD2FF23BAFF83007B4144 /* video2strTests.m */,
				36FAD30123BAFF83007B4144 /* Info.plist */,
			);
			path = video2strTests;
			sourceTree = "<group>";
		};
		36FAD30923BAFF83007B4144 /* video2strUITests */ = {
			isa = PBXGroup;
			children = (
				36FAD30A23BAFF83007B4144 /* video2strUITests.m */,
				36FAD30C23BAFF83007B4144 /* Info.plist */,
			);
			path = video2strUITests;
			sourceTree = "<group>";
		};
		36FAD31823BB0123007B4144 /* Frameworks */ = {
			isa = PBXGroup;
			children = (
				36FAD32523BB0A7C007B4144 /* opencv2.framework */,
				36FAD31F23BB0140007B4144 /* AVFoundation.framework */,
				36FAD31D23BB013A007B4144 /* Foundation.framework */,
				36FAD31923BB0123007B4144 /* UIKit.framework */,
			);
			name = Frameworks;
			sourceTree = "<group>";
		};
/* End PBXGroup section */

/* Begin PBXNativeTarget section */
		36FAD2DF23BAFF81007B4144 /* video2str */ = {
			isa = PBXNativeTarget;
			buildConfigurationList = 36FAD30F23BAFF83007B4144 /* Build configuration list for PBXNativeTarget "video2str" */;
			buildPhases = (
				36FAD2DC23BAFF81007B4144 /* Sources */,
				36FAD2DD23BAFF81007B4144 /* Frameworks */,
				36FAD2DE23BAFF81007B4144 /* Resources */,
			);
			buildRules = (
			);
			dependencies = (
			);
			name = video2str;
			productName = video2str;
			productReference = 36FAD2E023BAFF81007B4144 /* video2str.app */;
			productType = "com.apple.product-type.application";
		};
		36FAD2FA23BAFF83007B4144 /* video2strTests */ = {
			isa = PBXNativeTarget;
			buildConfigurationList = 36FAD31223BAFF83007B4144 /* Build configuration list for PBXNativeTarget "video2strTests" */;
			buildPhases = (
				36FAD2F723BAFF83007B4144 /* Sources */,
				36FAD2F823BAFF83007B4144 /* Frameworks */,
				36FAD2F923BAFF83007B4144 /* Resources */,
			);
			buildRules = (
			);
			dependencies = (
				36FAD2FD23BAFF83007B4144 /* PBXTargetDependency */,
			);
			name = video2strTests;
			productName = video2strTests;
			productReference = 36FAD2FB23BAFF83007B4144 /* video2strTests.xctest */;
			productType = "com.apple.product-type.bundle.unit-test";
		};
		36FAD30523BAFF83007B4144 /* video2strUITests */ = {
			isa = PBXNativeTarget;
			buildConfigurationList = 36FAD31523BAFF83007B4144 /* Build configuration list for PBXNativeTarget "video2strUITests" */;
			buildPhases = (
				36FAD30223BAFF83007B4144 /* Sources */,
				36FAD30323BAFF83007B4144 /* Frameworks */,
				36FAD30423BAFF83007B4144 /* Resources */,
			);
			buildRules = (
			);
			dependencies = (
				36FAD30823BAFF83007B4144 /* PBXTargetDependency */,
			);
			name = video2strUITests;
			productName = video2strUITests;
			productReference = 36FAD30623BAFF83007B4144 /* video2strUITests.xctest */;
			productType = "com.apple.product-type.bundle.ui-testing";
		};
/* End PBXNativeTarget section */

/* Begin PBXProject section */
		36FAD2D823BAFF81007B4144 /* Project object */ = {
			isa = PBXProject;
			attributes = {
				LastUpgradeCheck = 1120;
				ORGANIZATIONNAME = "邱开禄";
				TargetAttributes = {
					36FAD2DF23BAFF81007B4144 = {
						CreatedOnToolsVersion = 11.2.1;
					};
					36FAD2FA23BAFF83007B4144 = {
						CreatedOnToolsVersion = 11.2.1;
						TestTargetID = 36FAD2DF23BAFF81007B4144;
					};
					36FAD30523BAFF83007B4144 = {
						CreatedOnToolsVersion = 11.2.1;
						TestTargetID = 36FAD2DF23BAFF81007B4144;
					};
				};
			};
			buildConfigurationList = 36FAD2DB23BAFF81007B4144 /* Build configuration list for PBXProject "video2str" */;
			compatibilityVersion = "Xcode 9.3";
			developmentRegion = en;
			hasScannedForEncodings = 0;
			knownRegions = (
				en,
				Base,
			);
			mainGroup = 36FAD2D723BAFF81007B4144;
			productRefGroup = 36FAD2E123BAFF81007B4144 /* Products */;
			projectDirPath = "";
			projectRoot = "";
			targets = (
				36FAD2DF23BAFF81007B4144 /* video2str */,
				36FAD2FA23BAFF83007B4144 /* video2strTests */,
				36FAD30523BAFF83007B4144 /* video2strUITests */,
			);
		};
/* End PBXProject section */

/* Begin PBXResourcesBuildPhase section */
		36FAD2DE23BAFF81007B4144 /* Resources */ = {
			isa = PBXResourcesBuildPhase;
			buildActionMask = 2147483647;
			files = (
				36FAD2F323BAFF83007B4144 /* LaunchScreen.storyboard in Resources */,
				36FAD2F023BAFF83007B4144 /* Assets.xcassets in Resources */,
				36FAD2EE23BAFF81007B4144 /* Main.storyboard in Resources */,
			);
			runOnlyForDeploymentPostprocessing = 0;
		};
		36FAD2F923BAFF83007B4144 /* Resources */ = {
			isa = PBXResourcesBuildPhase;
			buildActionMask = 2147483647;
			files = (
			);
			runOnlyForDeploymentPostprocessing = 0;
		};
		36FAD30423BAFF83007B4144 /* Resources */ = {
			isa = PBXResourcesBuildPhase;
			buildActionMask = 2147483647;
			files = (
			);
			runOnlyForDeploymentPostprocessing = 0;
		};
/* End PBXResourcesBuildPhase section */

/* Begin PBXSourcesBuildPhase section */
		36FAD2DC23BAFF81007B4144 /* Sources */ = {
			isa = PBXSourcesBuildPhase;
			buildActionMask = 2147483647;
			files = (
				36FAD2EB23BAFF81007B4144 /* ViewController.mm in Sources */,
				36FAD2E523BAFF81007B4144 /* AppDelegate.m in Sources */,
				36FAD2F623BAFF83007B4144 /* main.m in Sources */,
				36FAD2E823BAFF81007B4144 /* SceneDelegate.m in Sources */,
			);
			runOnlyForDeploymentPostprocessing = 0;
		};
		36FAD2F723BAFF83007B4144 /* Sources */ = {
			isa = PBXSourcesBuildPhase;
			buildActionMask = 2147483647;
			files = (
				36FAD30023BAFF83007B4144 /* video2strTests.m in Sources */,
			);
			runOnlyForDeploymentPostprocessing = 0;
		};
		36FAD30223BAFF83007B4144 /* Sources */ = {
			isa = PBXSourcesBuildPhase;
			buildActionMask = 2147483647;
			files = (
				36FAD30B23BAFF83007B4144 /* video2strUITests.m in Sources */,
			);
			runOnlyForDeploymentPostprocessing = 0;
		};
/* End PBXSourcesBuildPhase section */

/* Begin PBXTargetDependency section */
		36FAD2FD23BAFF83007B4144 /* PBXTargetDependency */ = {
			isa = PBXTargetDependency;
			target = 36FAD2DF23BAFF81007B4144 /* video2str */;
			targetProxy = 36FAD2FC23BAFF83007B4144 /* PBXContainerItemProxy */;
		};
		36FAD30823BAFF83007B4144 /* PBXTargetDependency */ = {
			isa = PBXTargetDependency;
			target = 36FAD2DF23BAFF81007B4144 /* video2str */;
			targetProxy = 36FAD30723BAFF83007B4144 /* PBXContainerItemProxy */;
		};
/* End PBXTargetDependency section */

/* Begin PBXVariantGroup section */
		36FAD2EC23BAFF81007B4144 /* Main.storyboard */ = {
			isa = PBXVariantGroup;
			children = (
				36FAD2ED23BAFF81007B4144 /* Base */,
			);
			name = Main.storyboard;
			sourceTree = "<group>";
		};
		36FAD2F123BAFF83007B4144 /* LaunchScreen.storyboard */ = {
			isa = PBXVariantGroup;
			children = (
				36FAD2F223BAFF83007B4144 /* Base */,
			);
			name = LaunchScreen.storyboard;
			sourceTree = "<group>";
		};
/* End PBXVariantGroup section */

/* Begin XCBuildConfiguration section */
		36FAD30D23BAFF83007B4144 /* Debug */ = {
			isa = XCBuildConfiguration;
			buildSettings = {
				ALWAYS_SEARCH_USER_PATHS = NO;
				CLANG_ANALYZER_NONNULL = YES;
				CLANG_ANALYZER_NUMBER_OBJECT_CONVERSION = YES_AGGRESSIVE;
				CLANG_CXX_LANGUAGE_STANDARD = "gnu++14";
				CLANG_CXX_LIBRARY = "libc++";
				CLANG_ENABLE_MODULES = YES;
				CLANG_ENABLE_OBJC_ARC = YES;
				CLANG_ENABLE_OBJC_WEAK = YES;
				CLANG_WARN_BLOCK_CAPTURE_AUTORELEASING = YES;
				CLANG_WARN_BOOL_CONVERSION = YES;
				CLANG_WARN_COMMA = YES;
				CLANG_WARN_CONSTANT_CONVERSION = YES;
				CLANG_WARN_DEPRECATED_OBJC_IMPLEMENTATIONS = YES;
				CLANG_WARN_DIRECT_OBJC_ISA_USAGE = YES_ERROR;
				CLANG_WARN_DOCUMENTATION_COMMENTS = YES;
				CLANG_WARN_EMPTY_BODY = YES;
				CLANG_WARN_ENUM_CONVERSION = YES;
				CLANG_WARN_INFINITE_RECURSION = YES;
				CLANG_WARN_INT_CONVERSION = YES;
				CLANG_WARN_NON_LITERAL_NULL_CONVERSION = YES;
				CLANG_WARN_OBJC_IMPLICIT_RETAIN_SELF = YES;
				CLANG_WARN_OBJC_LITERAL_CONVERSION = YES;
				CLANG_WARN_OBJC_ROOT_CLASS = YES_ERROR;
				CLANG_WARN_RANGE_LOOP_ANALYSIS = YES;
				CLANG_WARN_STRICT_PROTOTYPES = YES;
				CLANG_WARN_SUSPICIOUS_MOVE = YES;
				CLANG_WARN_UNGUARDED_AVAILABILITY = YES_AGGRESSIVE;
				CLANG_WARN_UNREACHABLE_CODE = YES;
				CLANG_WARN__DUPLICATE_METHOD_MATCH = YES;
				COPY_PHASE_STRIP = NO;
				DEBUG_INFORMATION_FORMAT = dwarf;
				ENABLE_STRICT_OBJC_MSGSEND = YES;
				ENABLE_TESTABILITY = YES;
				GCC_C_LANGUAGE_STANDARD = gnu11;
				GCC_DYNAMIC_NO_PIC = NO;
				GCC_NO_COMMON_BLOCKS = YES;
				GCC_OPTIMIZATION_LEVEL = 0;
				GCC_PREPROCESSOR_DEFINITIONS = (
					"DEBUG=1",
					"$(inherited)",
				);
				GCC_WARN_64_TO_32_BIT_CONVERSION = YES;
				GCC_WARN_ABOUT_RETURN_TYPE = YES_ERROR;
				GCC_WARN_UNDECLARED_SELECTOR = YES;
				GCC_WARN_UNINITIALIZED_AUTOS = YES_AGGRESSIVE;
				GCC_WARN_UNUSED_FUNCTION = YES;
				GCC_WARN_UNUSED_VARIABLE = YES;
				IPHONEOS_DEPLOYMENT_TARGET = 13.2;
				MTL_ENABLE_DEBUG_INFO = INCLUDE_SOURCE;
				MTL_FAST_MATH = YES;
				ONLY_ACTIVE_ARCH = YES;
				SDKROOT = iphoneos;
			};
			name = Debug;
		};
		36FAD30E23BAFF83007B4144 /* Release */ = {
			isa = XCBuildConfiguration;
			buildSettings = {
				ALWAYS_SEARCH_USER_PATHS = NO;
				CLANG_ANALYZER_NONNULL = YES;
				CLANG_ANALYZER_NUMBER_OBJECT_CONVERSION = YES_AGGRESSIVE;
				CLANG_CXX_LANGUAGE_STANDARD = "gnu++14";
				CLANG_CXX_LIBRARY = "libc++";
				CLANG_ENABLE_MODULES = YES;
				CLANG_ENABLE_OBJC_ARC = YES;
				CLANG_ENABLE_OBJC_WEAK = YES;
				CLANG_WARN_BLOCK_CAPTURE_AUTORELEASING = YES;
				CLANG_WARN_BOOL_CONVERSION = YES;
				CLANG_WARN_COMMA = YES;
				CLANG_WARN_CONSTANT_CONVERSION = YES;
				CLANG_WARN_DEPRECATED_OBJC_IMPLEMENTATIONS = YES;
				CLANG_WARN_DIRECT_OBJC_ISA_USAGE = YES_ERROR;
				CLANG_WARN_DOCUMENTATION_COMMENTS = YES;
				CLANG_WARN_EMPTY_BODY = YES;
				CLANG_WARN_ENUM_CONVERSION = YES;
				CLANG_WARN_INFINITE_RECURSION = YES;
				CLANG_WARN_INT_CONVERSION = YES;
				CLANG_WARN_NON_LITERAL_NULL_CONVERSION = YES;
				CLANG_WARN_OBJC_IMPLICIT_RETAIN_SELF = YES;
				CLANG_WARN_OBJC_LITERAL_CONVERSION = YES;
				CLANG_WARN_OBJC_ROOT_CLASS = YES_ERROR;
				CLANG_WARN_RANGE_LOOP_ANALYSIS = YES;
				CLANG_WARN_STRICT_PROTOTYPES = YES;
				CLANG_WARN_SUSPICIOUS_MOVE = YES;
				CLANG_WARN_UNGUARDED_AVAILABILITY = YES_AGGRESSIVE;
				CLANG_WARN_UNREACHABLE_CODE = YES;
				CLANG_WARN__DUPLICATE_METHOD_MATCH = YES;
				COPY_PHASE_STRIP = NO;
				DEBUG_INFORMATION_FORMAT = "dwarf-with-dsym";
				ENABLE_NS_ASSERTIONS = NO;
				ENABLE_STRICT_OBJC_MSGSEND = YES;
				GCC_C_LANGUAGE_STANDARD = gnu11;
				GCC_NO_COMMON_BLOCKS = YES;
				GCC_WARN_64_TO_32_BIT_CONVERSION = YES;
				GCC_WARN_ABOUT_RETURN_TYPE = YES_ERROR;
				GCC_WARN_UNDECLARED_SELECTOR = YES;
				GCC_WARN_UNINITIALIZED_AUTOS = YES_AGGRESSIVE;
				GCC_WARN_UNUSED_FUNCTION = YES;
				GCC_WARN_UNUSED_VARIABLE = YES;
				IPHONEOS_DEPLOYMENT_TARGET = 13.2;
				MTL_ENABLE_DEBUG_INFO = NO;
				MTL_FAST_MATH = YES;
				SDKROOT = iphoneos;
				VALIDATE_PRODUCT = YES;
			};
			name = Release;
		};
		36FAD31023BAFF83007B4144 /* Debug */ = {
			isa = XCBuildConfiguration;
			buildSettings = {
				ASSETCATALOG_COMPILER_APPICON_NAME = AppIcon;
				CODE_SIGN_STYLE = Automatic;
				DEVELOPMENT_TEAM = 233YFHV8C6;
				FRAMEWORK_SEARCH_PATHS = (
					"$(inherited)",
					"$(PROJECT_DIR)",
				);
				INFOPLIST_FILE = video2str/Info.plist;
				IPHONEOS_DEPLOYMENT_TARGET = 11.1;
				LD_RUNPATH_SEARCH_PATHS = (
					"$(inherited)",
					"@executable_path/Frameworks",
				);
				LIBRARY_SEARCH_PATHS = "";
				PRODUCT_BUNDLE_IDENTIFIER = KevinQiu.video2str;
				PRODUCT_NAME = "$(TARGET_NAME)";
				TARGETED_DEVICE_FAMILY = "1,2";
			};
			name = Debug;
		};
		36FAD31123BAFF83007B4144 /* Release */ = {
			isa = XCBuildConfiguration;
			buildSettings = {
				ASSETCATALOG_COMPILER_APPICON_NAME = AppIcon;
				CODE_SIGN_STYLE = Automatic;
				DEVELOPMENT_TEAM = 233YFHV8C6;
				FRAMEWORK_SEARCH_PATHS = (
					"$(inherited)",
					"$(PROJECT_DIR)",
				);
				INFOPLIST_FILE = video2str/Info.plist;
				IPHONEOS_DEPLOYMENT_TARGET = 11.1;
				LD_RUNPATH_SEARCH_PATHS = (
					"$(inherited)",
					"@executable_path/Frameworks",
				);
				LIBRARY_SEARCH_PATHS = "";
				PRODUCT_BUNDLE_IDENTIFIER = KevinQiu.video2str;
				PRODUCT_NAME = "$(TARGET_NAME)";
				TARGETED_DEVICE_FAMILY = "1,2";
			};
			name = Release;
		};
		36FAD31323BAFF83007B4144 /* Debug */ = {
			isa = XCBuildConfiguration;
			buildSettings = {
				BUNDLE_LOADER = "$(TEST_HOST)";
				CODE_SIGN_STYLE = Automatic;
				INFOPLIST_FILE = video2strTests/Info.plist;
				IPHONEOS_DEPLOYMENT_TARGET = 13.2;
				LD_RUNPATH_SEARCH_PATHS = (
					"$(inherited)",
					"@executable_path/Frameworks",
					"@loader_path/Frameworks",
				);
				PRODUCT_BUNDLE_IDENTIFIER = KevinQiu.video2strTests;
				PRODUCT_NAME = "$(TARGET_NAME)";
				TARGETED_DEVICE_FAMILY = "1,2";
				TEST_HOST = "$(BUILT_PRODUCTS_DIR)/video2str.app/video2str";
			};
			name = Debug;
		};
		36FAD31423BAFF83007B4144 /* Release */ = {
			isa = XCBuildConfiguration;
			buildSettings = {
				BUNDLE_LOADER = "$(TEST_HOST)";
				CODE_SIGN_STYLE = Automatic;
				INFOPLIST_FILE = video2strTests/Info.plist;
				IPHONEOS_DEPLOYMENT_TARGET = 13.2;
				LD_RUNPATH_SEARCH_PATHS = (
					"$(inherited)",
					"@executable_path/Frameworks",
					"@loader_path/Frameworks",
				);
				PRODUCT_BUNDLE_IDENTIFIER = KevinQiu.video2strTests;
				PRODUCT_NAME = "$(TARGET_NAME)";
				TARGETED_DEVICE_FAMILY = "1,2";
				TEST_HOST = "$(BUILT_PRODUCTS_DIR)/video2str.app/video2str";
			};
			name = Release;
		};
		36FAD31623BAFF83007B4144 /* Debug */ = {
			isa = XCBuildConfiguration;
			buildSettings = {
				CODE_SIGN_STYLE = Automatic;
				INFOPLIST_FILE = video2strUITests/Info.plist;
				LD_RUNPATH_SEARCH_PATHS = (
					"$(inherited)",
					"@executable_path/Frameworks",
					"@loader_path/Frameworks",
				);
				PRODUCT_BUNDLE_IDENTIFIER = KevinQiu.video2strUITests;
				PRODUCT_NAME = "$(TARGET_NAME)";
				TARGETED_DEVICE_FAMILY = "1,2";
				TEST_TARGET_NAME = video2str;
			};
			name = Debug;
		};
		36FAD31723BAFF83007B4144 /* Release */ = {
			isa = XCBuildConfiguration;
			buildSettings = {
				CODE_SIGN_STYLE = Automatic;
				INFOPLIST_FILE = video2strUITests/Info.plist;
				LD_RUNPATH_SEARCH_PATHS = (
					"$(inherited)",
					"@executable_path/Frameworks",
					"@loader_path/Frameworks",
				);
				PRODUCT_BUNDLE_IDENTIFIER = KevinQiu.video2strUITests;
				PRODUCT_NAME = "$(TARGET_NAME)";
				TARGETED_DEVICE_FAMILY = "1,2";
				TEST_TARGET_NAME = video2str;
			};
			name = Release;
		};
/* End XCBuildConfiguration section */

/* Begin XCConfigurationList section */
		36FAD2DB23BAFF81007B4144 /* Build configuration list for PBXProject "video2str" */ = {
			isa = XCConfigurationList;
			buildConfigurations = (
				36FAD30D23BAFF83007B4144 /* Debug */,
				36FAD30E23BAFF83007B4144 /* Release */,
			);
			defaultConfigurationIsVisible = 0;
			defaultConfigurationName = Release;
		};
		36FAD30F23BAFF83007B4144 /* Build configuration list for PBXNativeTarget "video2str" */ = {
			isa = XCConfigurationList;
			buildConfigurations = (
				36FAD31023BAFF83007B4144 /* Debug */,
				36FAD31123BAFF83007B4144 /* Release */,
			);
			defaultConfigurationIsVisible = 0;
			defaultConfigurationName = Release;
		};
		36FAD31223BAFF83007B4144 /* Build configuration list for PBXNativeTarget "video2strTests" */ = {
			isa = XCConfigurationList;
			buildConfigurations = (
				36FAD31323BAFF83007B4144 /* Debug */,
				36FAD31423BAFF83007B4144 /* Release */,
			);
			defaultConfigurationIsVisible = 0;
			defaultConfigurationName = Release;
		};
		36FAD31523BAFF83007B4144 /* Build configuration list for PBXNativeTarget "video2strUITests" */ = {
			isa = XCConfigurationList;
			buildConfigurations = (
				36FAD31623BAFF83007B4144 /* Debug */,
				36FAD31723BAFF83007B4144 /* Release */,
			);
			defaultConfigurationIsVisible = 0;
			defaultConfigurationName = Release;
		};
/* End XCConfigurationList section */
	};
	rootObject = 36FAD2D823BAFF81007B4144 /* Project object */;
}
